
Microsoft Visual Studio Solution File, Format Version 12.00
# Visual Studio 14
VisualStudioVersion = 14.0.25420.1
MinimumVisualStudioVersion = 10.0.40219.1
Project("{FAE04EC0-301F-11D3-BF4B-00C04F79EFBC}") = "PSP_1_modelo", "PSP_1_modelo\PSP_1_modelo.csproj", "{32BA0946-0F34-4E44-817A-F4306D9B645C}"
EndProject
Project("{FAE04EC0-301F-11D3-BF4B-00C04F79EFBC}") = "PSP_1_control", "PSP_1_control\PSP_1_control.csproj", "{1C7A7D91-8627-448B-9550-00151796BC3F}"
EndProject
Project("{FAE04EC0-301F-11D3-BF4B-00C04F79EFBC}") = "PSP_1_gui", "PSP_1_gui\PSP_1_gui.csproj", "{FACAA0B0-4EE8-47B9-89A0-878D4648082B}"
EndProject
Global
	GlobalSection(SolutionConfigurationPlatforms) = preSolution
		Debug|Any CPU = Debug|Any CPU
		Release|Any CPU = Release|Any CPU
	EndGlobalSection
	GlobalSection(ProjectConfigurationPlatforms) = postSolution
		{32BA0946-0F34-4E44-817A-F4306D9B645C}.Debug|Any CPU.ActiveCfg = Debug|Any CPU
		{32BA0946-0F34-4E44-817A-F4306D9B645C}.Debug|Any CPU.Build.0 = Debug|Any CPU
		{32BA0946-0F34-4E44-817A-F4306D9B645C}.Release|Any CPU.ActiveCfg = Release|Any CPU
		{32BA0946-0F34-4E44-817A-F4306D9B645C}.Release|Any CPU.Build.0 = Release|Any CPU
		{1C7A7D91-8627-448B-9550-00151796BC3F}.Debug|Any CPU.ActiveCfg = Debug|Any CPU
		{1C7A7D91-8627-448B-9550-00151796BC3F}.Debug|Any CPU.Build.0 = Debug|Any CPU
		{1C7A7D91-8627-448B-9550-00151796BC3F}.Release|Any CPU.ActiveCfg = Release|Any CPU
		{1C7A7D91-8627-448B-9550-00151796BC3F}.Release|Any CPU.Build.0 = Release|Any CPU
		{FACAA0B0-4EE8-47B9-89A0-878D4648082B}.Debug|Any CPU.ActiveCfg = Debug|Any CPU
		{FACAA0B0-4EE8-47B9-89A0-878D4648082B}.Debug|Any CPU.Build.0 = Debug|Any CPU
		{FACAA0B0-4EE8-47B9-89A0-878D4648082B}.Release|Any CPU.ActiveCfg = Release|Any CPU
		{FACAA0B0-4EE8-47B9-89A0-878D4648082B}.Release|Any CPU.Build.0 = Release|Any CPU
	EndGlobalSection
	GlobalSection(SolutionProperties) = preSolution
		HideSolutionNode = FALSE
	EndGlobalSection
EndGlobal
